
Microsoft Visual Studio Solution File, Format Version 12.00
# Visual Studio 15
VisualStudioVersion = 15.0.27004.2006
MinimumVisualStudioVersion = 10.0.40219.1
Project("{FAE04EC0-301F-11D3-BF4B-00C04F79EFBC}") = "AppA", "AppA\AppA.csproj", "{47D413B4-5640-4DE8-8445-1684CAA0C0EA}"
EndProject
Global
	GlobalSection(SolutionConfigurationPlatforms) = preSolution
		Debug|Any CPU = Debug|Any CPU
		Release|Any CPU = Release|Any CPU
	EndGlobalSection
	GlobalSection(ProjectConfigurationPlatforms) = postSolution
		{47D413B4-5640-4DE8-8445-1684CAA0C0EA}.Debug|Any CPU.ActiveCfg = Debug|Any CPU
		{47D413B4-5640-4DE8-8445-1684CAA0C0EA}.Debug|Any CPU.Build.0 = Debug|Any CPU
		{47D413B4-5640-4DE8-8445-1684CAA0C0EA}.Release|Any CPU.ActiveCfg = Release|Any CPU
		{47D413B4-5640-4DE8-8445-1684CAA0C0EA}.Release|Any CPU.Build.0 = Release|Any CPU
	EndGlobalSection
	GlobalSection(SolutionProperties) = preSolution
		HideSolutionNode = FALSE
	EndGlobalSection
	GlobalSection(ExtensibilityGlobals) = postSolution
		SolutionGuid = {830CA129-FE32-4FEB-B156-4833719D6357}
	EndGlobalSection
EndGlobal
